
Microsoft Visual Studio Solution File, Format Version 12.00
# Visual Studio Version 17
VisualStudioVersion = 17.5.33516.290
MinimumVisualStudioVersion = 10.0.40219.1
Project("{9A19103F-16F7-4668-BE54-9A1E7A4F7556}") = "Overstrike", "Overstrike\Overstrike.csproj", "{34E04532-0463-4D48-924F-B72C0B80DC4E}"
EndProject
Project("{9A19103F-16F7-4668-BE54-9A1E7A4F7556}") = "DAT1", "DAT1\DAT1.csproj", "{416048B3-03E7-44BF-8719-66EB0474B589}"
EndProject
Project("{FAE04EC0-301F-11D3-BF4B-00C04F79EFBC}") = "StageConverter", "StageConverter\StageConverter.csproj", "{9220EA06-1D1A-46A9-8AAC-E102CD30BD01}"
EndProject
Global
	GlobalSection(SolutionConfigurationPlatforms) = preSolution
		Debug|Any CPU = Debug|Any CPU
		Release|Any CPU = Release|Any CPU
	EndGlobalSection
	GlobalSection(ProjectConfigurationPlatforms) = postSolution
		{34E04532-0463-4D48-924F-B72C0B80DC4E}.Debug|Any CPU.ActiveCfg = Debug|Any CPU
		{34E04532-0463-4D48-924F-B72C0B80DC4E}.Debug|Any CPU.Build.0 = Debug|Any CPU
		{34E04532-0463-4D48-924F-B72C0B80DC4E}.Release|Any CPU.ActiveCfg = Release|Any CPU
		{34E04532-0463-4D48-924F-B72C0B80DC4E}.Release|Any CPU.Build.0 = Release|Any CPU
		{416048B3-03E7-44BF-8719-66EB0474B589}.Debug|Any CPU.ActiveCfg = Debug|Any CPU
		{416048B3-03E7-44BF-8719-66EB0474B589}.Debug|Any CPU.Build.0 = Debug|Any CPU
		{416048B3-03E7-44BF-8719-66EB0474B589}.Release|Any CPU.ActiveCfg = Release|Any CPU
		{416048B3-03E7-44BF-8719-66EB0474B589}.Release|Any CPU.Build.0 = Release|Any CPU
		{9220EA06-1D1A-46A9-8AAC-E102CD30BD01}.Debug|Any CPU.ActiveCfg = Debug|Any CPU
		{9220EA06-1D1A-46A9-8AAC-E102CD30BD01}.Debug|Any CPU.Build.0 = Debug|Any CPU
		{9220EA06-1D1A-46A9-8AAC-E102CD30BD01}.Release|Any CPU.ActiveCfg = Release|Any CPU
		{9220EA06-1D1A-46A9-8AAC-E102CD30BD01}.Release|Any CPU.Build.0 = Release|Any CPU
	EndGlobalSection
	GlobalSection(SolutionProperties) = preSolution
		HideSolutionNode = FALSE
	EndGlobalSection
	GlobalSection(ExtensibilityGlobals) = postSolution
		SolutionGuid = {4DE4BC59-B414-4955-847C-06993D1D9823}
	EndGlobalSection
EndGlobal
