
Microsoft Visual Studio Solution File, Format Version 12.00
# Visual Studio Version 17
VisualStudioVersion = 17.5.33516.290
MinimumVisualStudioVersion = 10.0.40219.1
Project("{9A19103F-16F7-4668-BE54-9A1E7A4F7556}") = "Overstrike", "Overstrike\Overstrike.csproj", "{34E04532-0463-4D48-924F-B72C0B80DC4E}"
EndProject
Project("{9A19103F-16F7-4668-BE54-9A1E7A4F7556}") = "DAT1", "DAT1\DAT1.csproj", "{416048B3-03E7-44BF-8719-66EB0474B589}"
EndProject
Project("{9A19103F-16F7-4668-BE54-9A1E7A4F7556}") = "GDeflateWrapper", "GDeflateWrapper\GDeflateWrapper.csproj", "{4E5F752F-4CAE-4F00-9830-7372413EECA6}"
EndProject
Project("{9A19103F-16F7-4668-BE54-9A1E7A4F7556}") = "ModdingTool", "ModdingTool\ModdingTool.csproj", "{A6272D46-EC50-4484-B740-89A805B2A463}"
EndProject
Global
	GlobalSection(SolutionConfigurationPlatforms) = preSolution
		Debug|Any CPU = Debug|Any CPU
		Debug|x64 = Debug|x64
		Release|Any CPU = Release|Any CPU
		Release|x64 = Release|x64
	EndGlobalSection
	GlobalSection(ProjectConfigurationPlatforms) = postSolution
		{34E04532-0463-4D48-924F-B72C0B80DC4E}.Debug|Any CPU.ActiveCfg = Debug|x64
		{34E04532-0463-4D48-924F-B72C0B80DC4E}.Debug|Any CPU.Build.0 = Debug|x64
		{34E04532-0463-4D48-924F-B72C0B80DC4E}.Debug|x64.ActiveCfg = Debug|x64
		{34E04532-0463-4D48-924F-B72C0B80DC4E}.Debug|x64.Build.0 = Debug|x64
		{34E04532-0463-4D48-924F-B72C0B80DC4E}.Release|Any CPU.ActiveCfg = Release|x64
		{34E04532-0463-4D48-924F-B72C0B80DC4E}.Release|Any CPU.Build.0 = Release|x64
		{34E04532-0463-4D48-924F-B72C0B80DC4E}.Release|x64.ActiveCfg = Release|x64
		{34E04532-0463-4D48-924F-B72C0B80DC4E}.Release|x64.Build.0 = Release|x64
		{416048B3-03E7-44BF-8719-66EB0474B589}.Debug|Any CPU.ActiveCfg = Debug|x64
		{416048B3-03E7-44BF-8719-66EB0474B589}.Debug|Any CPU.Build.0 = Debug|x64
		{416048B3-03E7-44BF-8719-66EB0474B589}.Debug|x64.ActiveCfg = Debug|x64
		{416048B3-03E7-44BF-8719-66EB0474B589}.Debug|x64.Build.0 = Debug|x64
		{416048B3-03E7-44BF-8719-66EB0474B589}.Release|Any CPU.ActiveCfg = Release|x64
		{416048B3-03E7-44BF-8719-66EB0474B589}.Release|Any CPU.Build.0 = Release|x64
		{416048B3-03E7-44BF-8719-66EB0474B589}.Release|x64.ActiveCfg = Release|x64
		{416048B3-03E7-44BF-8719-66EB0474B589}.Release|x64.Build.0 = Release|x64
		{4E5F752F-4CAE-4F00-9830-7372413EECA6}.Debug|Any CPU.ActiveCfg = Debug|x64
		{4E5F752F-4CAE-4F00-9830-7372413EECA6}.Debug|Any CPU.Build.0 = Debug|x64
		{4E5F752F-4CAE-4F00-9830-7372413EECA6}.Debug|x64.ActiveCfg = Debug|x64
		{4E5F752F-4CAE-4F00-9830-7372413EECA6}.Debug|x64.Build.0 = Debug|x64
		{4E5F752F-4CAE-4F00-9830-7372413EECA6}.Release|Any CPU.ActiveCfg = Release|x64
		{4E5F752F-4CAE-4F00-9830-7372413EECA6}.Release|Any CPU.Build.0 = Release|x64
		{4E5F752F-4CAE-4F00-9830-7372413EECA6}.Release|x64.ActiveCfg = Release|x64
		{4E5F752F-4CAE-4F00-9830-7372413EECA6}.Release|x64.Build.0 = Release|x64
		{A6272D46-EC50-4484-B740-89A805B2A463}.Debug|Any CPU.ActiveCfg = Debug|Any CPU
		{A6272D46-EC50-4484-B740-89A805B2A463}.Debug|Any CPU.Build.0 = Debug|Any CPU
		{A6272D46-EC50-4484-B740-89A805B2A463}.Debug|x64.ActiveCfg = Debug|Any CPU
		{A6272D46-EC50-4484-B740-89A805B2A463}.Debug|x64.Build.0 = Debug|Any CPU
		{A6272D46-EC50-4484-B740-89A805B2A463}.Release|Any CPU.ActiveCfg = Release|Any CPU
		{A6272D46-EC50-4484-B740-89A805B2A463}.Release|Any CPU.Build.0 = Release|Any CPU
		{A6272D46-EC50-4484-B740-89A805B2A463}.Release|x64.ActiveCfg = Release|Any CPU
		{A6272D46-EC50-4484-B740-89A805B2A463}.Release|x64.Build.0 = Release|Any CPU
	EndGlobalSection
	GlobalSection(SolutionProperties) = preSolution
		HideSolutionNode = FALSE
	EndGlobalSection
	GlobalSection(ExtensibilityGlobals) = postSolution
		SolutionGuid = {4DE4BC59-B414-4955-847C-06993D1D9823}
	EndGlobalSection
EndGlobal
